<Solution>
  <Folder Name="/Docs/" />
  <Folder Name="/Docs/Architecture/">
    <File Path="Docs/Architecture/ActorVsDirectCall.md" />
    <File Path="Docs/Architecture/DeploymentAndConfiguration.md" />
    <File Path="Docs/Architecture/NamingConventions.md" />
  </Folder>
  <Folder Name="/Solutions/">
    <File Path=".editorconfig" />
    <File Path=".gitignore" />
    <File Path="CLAUDE.md" />
    <File Path="Directory.Build.props" />
    <File Path="Directory.Packages.props" />
    <File Path="README.md" />
  </Folder>
  <Folder Name="/Source/" />
  <Folder Name="/Source/Core/" />
  <Folder Name="/Source/Core/Infrastructure/">
    <Project Path="Source/Core/Infrastructure/Core.Infrastructure.csproj" />
  </Folder>
  <Folder Name="/Source/Core/Shared/">
    <Project Path="Source/Core/Shared/Core.Shared.csproj" />
  </Folder>
  <Folder Name="/Source/Database/">
    <Project Path="Source/Database/Account/Database.Account.sqlproj" Type="42ea0dbd-9cf1-443e-919e-be9c484e4577" Id="1e4d87e5-a81e-4744-814e-9f1c720c2bb9" />
    <Project Path="Source/Database/Soccer/Database.Soccer.sqlproj" Type="42ea0dbd-9cf1-443e-919e-be9c484e4577" Id="4ed4252c-8739-4a90-be03-995394509017" />
  </Folder>
  <Folder Name="/Source/PlayGround/" />
  <Folder Name="/Source/PlayGround/Apps/">
    <Project Path="Source/PlayGround/PlayGround.Client/PlayGround.Client.csproj" />
    <Project Path="Source/PlayGround/PlayGround.Server/PlayGround.Server.csproj" />
  </Folder>
  <Folder Name="/Source/PlayGround/Shared/">
    <Project Path="Source/PlayGround/PlayGround.Application/PlayGround.Application.csproj" />
    <Project Path="Source/PlayGround/PlayGround.Contracts/PlayGround.Contracts.csproj" />
    <Project Path="Source/PlayGround/PlayGround.Domain/PlayGround.Domain.csproj" />
    <Project Path="Source/PlayGround/PlayGround.Persistence/PlayGround.Persistence.csproj" />
  </Folder>
  <Folder Name="/Source/Tools/">
    <Project Path="Source/Tools/Generator.Database/Generator.Database.csproj" />
  </Folder>
  <Folder Name="/Tests/">
    <Project Path="Tests/Tests.Infrastructure/Tests.Infrastructure.csproj" />
    <Project Path="Tests/Tests.Integration/Tests.Integration.csproj" />
    <Project Path="Tests/Tests.Unit/Tests.Unit.csproj" />
  </Folder>
</Solution>
